
Microsoft Visual Studio Solution File, Format Version 12.00
# Visual Studio 15
VisualStudioVersion = 15.0.28307.329
MinimumVisualStudioVersion = 10.0.40219.1
Project("{FAE04EC0-301F-11D3-BF4B-00C04F79EFBC}") = "Mod2_Lab3", "Mod2_Lab3\Mod2_Lab3.csproj", "{4306E07F-60D0-47DA-B92A-6EDFA8186BFC}"
EndProject
Global
	GlobalSection(SolutionConfigurationPlatforms) = preSolution
		Debug|Any CPU = Debug|Any CPU
		Release|Any CPU = Release|Any CPU
	EndGlobalSection
	GlobalSection(ProjectConfigurationPlatforms) = postSolution
		{4306E07F-60D0-47DA-B92A-6EDFA8186BFC}.Debug|Any CPU.ActiveCfg = Debug|Any CPU
		{4306E07F-60D0-47DA-B92A-6EDFA8186BFC}.Debug|Any CPU.Build.0 = Debug|Any CPU
		{4306E07F-60D0-47DA-B92A-6EDFA8186BFC}.Release|Any CPU.ActiveCfg = Release|Any CPU
		{4306E07F-60D0-47DA-B92A-6EDFA8186BFC}.Release|Any CPU.Build.0 = Release|Any CPU
	EndGlobalSection
	GlobalSection(SolutionProperties) = preSolution
		HideSolutionNode = FALSE
	EndGlobalSection
	GlobalSection(ExtensibilityGlobals) = postSolution
		SolutionGuid = {708FCDEC-F51A-4B33-8C24-9236B10EE2C9}
	EndGlobalSection
EndGlobal
